
Microsoft Visual Studio Solution File, Format Version 12.00
# Visual Studio Version 17
VisualStudioVersion = 17.10.35013.160
MinimumVisualStudioVersion = 10.0.40219.1
Project("{9A19103F-16F7-4668-BE54-9A1E7A4F7556}") = "DevFreela.API", "DevFreela.API\DevFreela.API.csproj", "{9BAE40AD-EF7E-44F9-B18B-4C77D1E25D00}"
EndProject
Project("{FAE04EC0-301F-11D3-BF4B-00C04F79EFBC}") = "DevFreela.Application", "DevFreela.Application\DevFreela.Application.csproj", "{49A6C8C0-BB61-4FF3-838B-880104D6002C}"
EndProject
Project("{FAE04EC0-301F-11D3-BF4B-00C04F79EFBC}") = "DevFreela.Core", "DevFreela.Core\DevFreela.Core.csproj", "{0E365FA3-3BBB-41E9-8A1F-55D5CCD99286}"
EndProject
Project("{FAE04EC0-301F-11D3-BF4B-00C04F79EFBC}") = "DevFreela.Infrastructure", "DevFreela.Infrastructure\DevFreela.Infrastructure.csproj", "{12561FA8-7C51-4777-820B-F05A28EA0D18}"
EndProject
Global
	GlobalSection(SolutionConfigurationPlatforms) = preSolution
		Debug|Any CPU = Debug|Any CPU
		Release|Any CPU = Release|Any CPU
	EndGlobalSection
	GlobalSection(ProjectConfigurationPlatforms) = postSolution
		{9BAE40AD-EF7E-44F9-B18B-4C77D1E25D00}.Debug|Any CPU.ActiveCfg = Debug|Any CPU
		{9BAE40AD-EF7E-44F9-B18B-4C77D1E25D00}.Debug|Any CPU.Build.0 = Debug|Any CPU
		{9BAE40AD-EF7E-44F9-B18B-4C77D1E25D00}.Release|Any CPU.ActiveCfg = Release|Any CPU
		{9BAE40AD-EF7E-44F9-B18B-4C77D1E25D00}.Release|Any CPU.Build.0 = Release|Any CPU
		{49A6C8C0-BB61-4FF3-838B-880104D6002C}.Debug|Any CPU.ActiveCfg = Debug|Any CPU
		{49A6C8C0-BB61-4FF3-838B-880104D6002C}.Debug|Any CPU.Build.0 = Debug|Any CPU
		{49A6C8C0-BB61-4FF3-838B-880104D6002C}.Release|Any CPU.ActiveCfg = Release|Any CPU
		{49A6C8C0-BB61-4FF3-838B-880104D6002C}.Release|Any CPU.Build.0 = Release|Any CPU
		{0E365FA3-3BBB-41E9-8A1F-55D5CCD99286}.Debug|Any CPU.ActiveCfg = Debug|Any CPU
		{0E365FA3-3BBB-41E9-8A1F-55D5CCD99286}.Debug|Any CPU.Build.0 = Debug|Any CPU
		{0E365FA3-3BBB-41E9-8A1F-55D5CCD99286}.Release|Any CPU.ActiveCfg = Release|Any CPU
		{0E365FA3-3BBB-41E9-8A1F-55D5CCD99286}.Release|Any CPU.Build.0 = Release|Any CPU
		{12561FA8-7C51-4777-820B-F05A28EA0D18}.Debug|Any CPU.ActiveCfg = Debug|Any CPU
		{12561FA8-7C51-4777-820B-F05A28EA0D18}.Debug|Any CPU.Build.0 = Debug|Any CPU
		{12561FA8-7C51-4777-820B-F05A28EA0D18}.Release|Any CPU.ActiveCfg = Release|Any CPU
		{12561FA8-7C51-4777-820B-F05A28EA0D18}.Release|Any CPU.Build.0 = Release|Any CPU
	EndGlobalSection
	GlobalSection(SolutionProperties) = preSolution
		HideSolutionNode = FALSE
	EndGlobalSection
	GlobalSection(ExtensibilityGlobals) = postSolution
		SolutionGuid = {3DC20457-1BBA-4F8D-AECD-D6450DD232D6}
	EndGlobalSection
EndGlobal
